
Microsoft Visual Studio Solution File, Format Version 12.00
# Visual Studio 14
VisualStudioVersion = 14.0.23107.0
MinimumVisualStudioVersion = 10.0.40219.1
Project("{8BC9CEB8-8B4A-11D0-8D11-00A0C91BC942}") = "Engine2", "Engine2\Engine2.vcxproj", "{8D709DA5-8AE1-4508-99DA-AA03741084EC}"
EndProject
Project("{8BC9CEB8-8B4A-11D0-8D11-00A0C91BC942}") = "Basic2", "Basic2\Basic2.vcxproj", "{F8F856AB-C47B-4F26-834B-F97381C89B5B}"
	ProjectSection(ProjectDependencies) = postProject
		{8D709DA5-8AE1-4508-99DA-AA03741084EC} = {8D709DA5-8AE1-4508-99DA-AA03741084EC}
	EndProjectSection
EndProject
Global
	GlobalSection(SolutionConfigurationPlatforms) = preSolution
		Debug11|x64 = Debug11|x64
		Debug11|x86 = Debug11|x86
		Debug12|x64 = Debug12|x64
		Debug12|x86 = Debug12|x86
		Release11|x64 = Release11|x64
		Release11|x86 = Release11|x86
		Release12|x64 = Release12|x64
		Release12|x86 = Release12|x86
	EndGlobalSection
	GlobalSection(ProjectConfigurationPlatforms) = postSolution
		{8D709DA5-8AE1-4508-99DA-AA03741084EC}.Debug11|x64.ActiveCfg = Debug11|x64
		{8D709DA5-8AE1-4508-99DA-AA03741084EC}.Debug11|x64.Build.0 = Debug11|x64
		{8D709DA5-8AE1-4508-99DA-AA03741084EC}.Debug11|x86.ActiveCfg = Debug11|Win32
		{8D709DA5-8AE1-4508-99DA-AA03741084EC}.Debug11|x86.Build.0 = Debug11|Win32
		{8D709DA5-8AE1-4508-99DA-AA03741084EC}.Debug12|x64.ActiveCfg = Debug12|x64
		{8D709DA5-8AE1-4508-99DA-AA03741084EC}.Debug12|x64.Build.0 = Debug12|x64
		{8D709DA5-8AE1-4508-99DA-AA03741084EC}.Debug12|x86.ActiveCfg = Debug12|Win32
		{8D709DA5-8AE1-4508-99DA-AA03741084EC}.Debug12|x86.Build.0 = Debug12|Win32
		{8D709DA5-8AE1-4508-99DA-AA03741084EC}.Release11|x64.ActiveCfg = Release11|x64
		{8D709DA5-8AE1-4508-99DA-AA03741084EC}.Release11|x64.Build.0 = Release11|x64
		{8D709DA5-8AE1-4508-99DA-AA03741084EC}.Release11|x86.ActiveCfg = Release11|Win32
		{8D709DA5-8AE1-4508-99DA-AA03741084EC}.Release11|x86.Build.0 = Release11|Win32
		{8D709DA5-8AE1-4508-99DA-AA03741084EC}.Release12|x64.ActiveCfg = Release12|x64
		{8D709DA5-8AE1-4508-99DA-AA03741084EC}.Release12|x64.Build.0 = Release12|x64
		{8D709DA5-8AE1-4508-99DA-AA03741084EC}.Release12|x86.ActiveCfg = Release12|Win32
		{8D709DA5-8AE1-4508-99DA-AA03741084EC}.Release12|x86.Build.0 = Release12|Win32
		{F8F856AB-C47B-4F26-834B-F97381C89B5B}.Debug11|x64.ActiveCfg = Debug11|x64
		{F8F856AB-C47B-4F26-834B-F97381C89B5B}.Debug11|x64.Build.0 = Debug11|x64
		{F8F856AB-C47B-4F26-834B-F97381C89B5B}.Debug11|x86.ActiveCfg = Debug11|Win32
		{F8F856AB-C47B-4F26-834B-F97381C89B5B}.Debug11|x86.Build.0 = Debug11|Win32
		{F8F856AB-C47B-4F26-834B-F97381C89B5B}.Debug12|x64.ActiveCfg = Debug12|x64
		{F8F856AB-C47B-4F26-834B-F97381C89B5B}.Debug12|x64.Build.0 = Debug12|x64
		{F8F856AB-C47B-4F26-834B-F97381C89B5B}.Debug12|x86.ActiveCfg = Debug12|Win32
		{F8F856AB-C47B-4F26-834B-F97381C89B5B}.Debug12|x86.Build.0 = Debug12|Win32
		{F8F856AB-C47B-4F26-834B-F97381C89B5B}.Release11|x64.ActiveCfg = Release11|x64
		{F8F856AB-C47B-4F26-834B-F97381C89B5B}.Release11|x64.Build.0 = Release11|x64
		{F8F856AB-C47B-4F26-834B-F97381C89B5B}.Release11|x86.ActiveCfg = Release11|Win32
		{F8F856AB-C47B-4F26-834B-F97381C89B5B}.Release11|x86.Build.0 = Release11|Win32
		{F8F856AB-C47B-4F26-834B-F97381C89B5B}.Release12|x64.ActiveCfg = Release12|x64
		{F8F856AB-C47B-4F26-834B-F97381C89B5B}.Release12|x64.Build.0 = Release12|x64
		{F8F856AB-C47B-4F26-834B-F97381C89B5B}.Release12|x86.ActiveCfg = Release12|Win32
		{F8F856AB-C47B-4F26-834B-F97381C89B5B}.Release12|x86.Build.0 = Release12|Win32
	EndGlobalSection
	GlobalSection(SolutionProperties) = preSolution
		HideSolutionNode = FALSE
	EndGlobalSection
EndGlobal
