
Microsoft Visual Studio Solution File, Format Version 12.00
# Visual Studio 14
VisualStudioVersion = 14.0.23107.0
MinimumVisualStudioVersion = 10.0.40219.1
Project("{8BC9CEB8-8B4A-11D0-8D11-00A0C91BC942}") = "Engine", "Engine\Engine.vcxproj", "{8D709DA5-8AE1-4508-99DA-AA03741084EC}"
EndProject
Project("{8BC9CEB8-8B4A-11D0-8D11-00A0C91BC942}") = "Basic", "Basic\Basic.vcxproj", "{F8F856AB-C47B-4F26-834B-F97381C89B5B}"
	ProjectSection(ProjectDependencies) = postProject
		{8D709DA5-8AE1-4508-99DA-AA03741084EC} = {8D709DA5-8AE1-4508-99DA-AA03741084EC}
	EndProjectSection
EndProject
Project("{8BC9CEB8-8B4A-11D0-8D11-00A0C91BC942}") = "Sponza", "Sponza\Sponza.vcxproj", "{22EE63F2-535B-4FBD-826F-5C89444220FC}"
	ProjectSection(ProjectDependencies) = postProject
		{8D709DA5-8AE1-4508-99DA-AA03741084EC} = {8D709DA5-8AE1-4508-99DA-AA03741084EC}
	EndProjectSection
EndProject
Global
	GlobalSection(SolutionConfigurationPlatforms) = preSolution
		Debug11|x64 = Debug11|x64
		Debug12|x64 = Debug12|x64
		Release11|x64 = Release11|x64
		Release12|x64 = Release12|x64
	EndGlobalSection
	GlobalSection(ProjectConfigurationPlatforms) = postSolution
		{8D709DA5-8AE1-4508-99DA-AA03741084EC}.Debug11|x64.ActiveCfg = Debug11|x64
		{8D709DA5-8AE1-4508-99DA-AA03741084EC}.Debug11|x64.Build.0 = Debug11|x64
		{8D709DA5-8AE1-4508-99DA-AA03741084EC}.Debug12|x64.ActiveCfg = Debug12|x64
		{8D709DA5-8AE1-4508-99DA-AA03741084EC}.Debug12|x64.Build.0 = Debug12|x64
		{8D709DA5-8AE1-4508-99DA-AA03741084EC}.Release11|x64.ActiveCfg = Release11|x64
		{8D709DA5-8AE1-4508-99DA-AA03741084EC}.Release11|x64.Build.0 = Release11|x64
		{8D709DA5-8AE1-4508-99DA-AA03741084EC}.Release12|x64.ActiveCfg = Release12|x64
		{8D709DA5-8AE1-4508-99DA-AA03741084EC}.Release12|x64.Build.0 = Release12|x64
		{F8F856AB-C47B-4F26-834B-F97381C89B5B}.Debug11|x64.ActiveCfg = Debug11|x64
		{F8F856AB-C47B-4F26-834B-F97381C89B5B}.Debug11|x64.Build.0 = Debug11|x64
		{F8F856AB-C47B-4F26-834B-F97381C89B5B}.Debug12|x64.ActiveCfg = Debug12|x64
		{F8F856AB-C47B-4F26-834B-F97381C89B5B}.Debug12|x64.Build.0 = Debug12|x64
		{F8F856AB-C47B-4F26-834B-F97381C89B5B}.Release11|x64.ActiveCfg = Release11|x64
		{F8F856AB-C47B-4F26-834B-F97381C89B5B}.Release11|x64.Build.0 = Release11|x64
		{F8F856AB-C47B-4F26-834B-F97381C89B5B}.Release12|x64.ActiveCfg = Release12|x64
		{F8F856AB-C47B-4F26-834B-F97381C89B5B}.Release12|x64.Build.0 = Release12|x64
		{22EE63F2-535B-4FBD-826F-5C89444220FC}.Debug11|x64.ActiveCfg = Debug11|x64
		{22EE63F2-535B-4FBD-826F-5C89444220FC}.Debug11|x64.Build.0 = Debug11|x64
		{22EE63F2-535B-4FBD-826F-5C89444220FC}.Debug12|x64.ActiveCfg = Debug12|x64
		{22EE63F2-535B-4FBD-826F-5C89444220FC}.Debug12|x64.Build.0 = Debug12|x64
		{22EE63F2-535B-4FBD-826F-5C89444220FC}.Release11|x64.ActiveCfg = Release11|x64
		{22EE63F2-535B-4FBD-826F-5C89444220FC}.Release11|x64.Build.0 = Release11|x64
		{22EE63F2-535B-4FBD-826F-5C89444220FC}.Release12|x64.ActiveCfg = Release12|x64
		{22EE63F2-535B-4FBD-826F-5C89444220FC}.Release12|x64.Build.0 = Release12|x64
	EndGlobalSection
	GlobalSection(SolutionProperties) = preSolution
		HideSolutionNode = FALSE
	EndGlobalSection
EndGlobal
