<?xml version="1.0" encoding="utf-8"?>
<Project ToolsVersion="4.0" xmlns="http://schemas.microsoft.com/developer/msbuild/2003">
  <ItemGroup>
    <Filter Include="Rendering">
      <UniqueIdentifier>{9ec51a31-9395-48f3-b21a-d127309f451b}</UniqueIdentifier>
    </Filter>
    <Filter Include="Rendering\DX11">
      <UniqueIdentifier>{4f2dbb61-3630-4fb3-9cac-267e3b7fa764}</UniqueIdentifier>
    </Filter>
    <Filter Include="Rendering\DX12">
      <UniqueIdentifier>{923144e8-eaf0-4a1a-8ffe-212ac2f50024}</UniqueIdentifier>
    </Filter>
    <Filter Include="Rendering\Operations">
      <UniqueIdentifier>{41482bc2-1884-4aef-9460-9ce54fcd54f7}</UniqueIdentifier>
    </Filter>
  </ItemGroup>
  <ItemGroup>
    <ClInclude Include="Source\Stdafx.h" />
    <ClInclude Include="Source\Application.h" />
    <ClInclude Include="Source\Renderer.h">
      <Filter>Rendering</Filter>
    </ClInclude>
    <ClInclude Include="Source\RenderUtils.h">
      <Filter>Rendering</Filter>
    </ClInclude>
    <ClInclude Include="Source\RenderTargetView.h">
      <Filter>Rendering</Filter>
    </ClInclude>
    <ClInclude Include="Source\RenderTargetView12.h">
      <Filter>Rendering\DX12</Filter>
    </ClInclude>
    <ClInclude Include="Source\CommandList12.h">
      <Filter>Rendering\DX12</Filter>
    </ClInclude>
    <ClInclude Include="Source\CommandList.h">
      <Filter>Rendering</Filter>
    </ClInclude>
    <ClInclude Include="Source\RenderTargetView11.h">
      <Filter>Rendering\DX11</Filter>
    </ClInclude>
    <ClInclude Include="Source\DepthStencilView11.h">
      <Filter>Rendering\DX11</Filter>
    </ClInclude>
    <ClInclude Include="Source\DepthStencilView.h" />
    <ClInclude Include="Source\CommandList11.h">
      <Filter>Rendering\DX11</Filter>
    </ClInclude>
    <ClInclude Include="Source\Paths.h" />
    <ClInclude Include="Source\Log.h" />
    <ClInclude Include="Source\DeviceResources12.h">
      <Filter>Rendering\DX12</Filter>
    </ClInclude>
    <ClInclude Include="Source\DeviceResources.h">
      <Filter>Rendering</Filter>
    </ClInclude>
    <ClInclude Include="Source\DeviceResources11.h">
      <Filter>Rendering\DX11</Filter>
    </ClInclude>
    <ClInclude Include="Source\IRenderOperation.h">
      <Filter>Rendering\Operations</Filter>
    </ClInclude>
    <ClInclude Include="Source\ClearRenderTargetOp.h">
      <Filter>Rendering\Operations</Filter>
    </ClInclude>
    <ClInclude Include="Source\RenderPipeline.h">
      <Filter>Rendering</Filter>
    </ClInclude>
    <ClInclude Include="Source\PresentRenderTargetOp.h">
      <Filter>Rendering\Operations</Filter>
    </ClInclude>
  </ItemGroup>
  <ItemGroup>
    <ClCompile Include="Source\Stdafx.cpp" />
    <ClCompile Include="Source\Application.cpp" />
    <ClCompile Include="Source\RenderTargetView12.cpp">
      <Filter>Rendering\DX12</Filter>
    </ClCompile>
    <ClCompile Include="Source\CommandList12.cpp">
      <Filter>Rendering\DX12</Filter>
    </ClCompile>
    <ClCompile Include="Source\RenderTargetView11.cpp">
      <Filter>Rendering\DX11</Filter>
    </ClCompile>
    <ClCompile Include="Source\DepthStencilView11.cpp">
      <Filter>Rendering\DX11</Filter>
    </ClCompile>
    <ClCompile Include="Source\CommandList11.cpp">
      <Filter>Rendering\DX11</Filter>
    </ClCompile>
    <ClCompile Include="Source\Paths.cpp" />
    <ClCompile Include="Source\Log.cpp" />
    <ClCompile Include="Source\DeviceResources12.cpp">
      <Filter>Rendering\DX12</Filter>
    </ClCompile>
    <ClCompile Include="Source\DeviceResources11.cpp">
      <Filter>Rendering\DX11</Filter>
    </ClCompile>
    <ClCompile Include="Source\Renderer.cpp">
      <Filter>Rendering</Filter>
    </ClCompile>
    <ClCompile Include="Source\ClearRenderTargetOp.cpp">
      <Filter>Rendering\Operations</Filter>
    </ClCompile>
    <ClCompile Include="Source\RenderPipeline.cpp">
      <Filter>Rendering</Filter>
    </ClCompile>
    <ClCompile Include="Source\PresentRenderTargetOp.cpp">
      <Filter>Rendering\Operations</Filter>
    </ClCompile>
    <ClCompile Include="Source\CommandList.cpp">
      <Filter>Rendering</Filter>
    </ClCompile>
  </ItemGroup>
</Project>