<?xml version="1.0" encoding="utf-8"?>
<Project ToolsVersion="4.0" xmlns="http://schemas.microsoft.com/developer/msbuild/2003">
  <ItemGroup>
    <Filter Include="Rendering">
      <UniqueIdentifier>{9ec51a31-9395-48f3-b21a-d127309f451b}</UniqueIdentifier>
    </Filter>
    <Filter Include="Rendering\DX11">
      <UniqueIdentifier>{4f2dbb61-3630-4fb3-9cac-267e3b7fa764}</UniqueIdentifier>
    </Filter>
    <Filter Include="Rendering\DX12">
      <UniqueIdentifier>{923144e8-eaf0-4a1a-8ffe-212ac2f50024}</UniqueIdentifier>
    </Filter>
    <Filter Include="Rendering\DXCommon">
      <UniqueIdentifier>{450e1881-4871-48f4-9546-69626d6341ce}</UniqueIdentifier>
    </Filter>
    <Filter Include="Shaders">
      <UniqueIdentifier>{d3bd8941-93e8-4260-8ed0-912947713a31}</UniqueIdentifier>
    </Filter>
    <Filter Include="Shaders\SM5">
      <UniqueIdentifier>{9e3bfaf3-0d32-4232-b43d-1ab384d48715}</UniqueIdentifier>
    </Filter>
    <Filter Include="Shaders\SM5.1">
      <UniqueIdentifier>{ad86dbc2-b4f5-4607-a6ea-da2f4d68d0b4}</UniqueIdentifier>
    </Filter>
    <Filter Include="Shaders\Common">
      <UniqueIdentifier>{e1ebbbc6-7fe8-4200-a1c9-9b71b0aeac9c}</UniqueIdentifier>
    </Filter>
    <Filter Include="External">
      <UniqueIdentifier>{59ae5e08-4ad2-4e40-ab63-e911482b8c60}</UniqueIdentifier>
    </Filter>
    <Filter Include="External\Remotery">
      <UniqueIdentifier>{3000e89b-ca1c-44e9-8f08-4c287b2e6aeb}</UniqueIdentifier>
    </Filter>
    <Filter Include="Math">
      <UniqueIdentifier>{de54e161-9360-47a5-99c2-ca9c917cb901}</UniqueIdentifier>
    </Filter>
    <Filter Include="Rendering\Techniques">
      <UniqueIdentifier>{80aa177c-d0a7-47e5-b495-86a44b697afd}</UniqueIdentifier>
    </Filter>
    <Filter Include="Rendering\Techniques\SSAO">
      <UniqueIdentifier>{e616f374-cc3a-49c5-ab61-3db6f2620ee8}</UniqueIdentifier>
    </Filter>
  </ItemGroup>
  <ItemGroup>
    <ClInclude Include="Source\Stdafx.h" />
    <ClInclude Include="Source\Application.h" />
    <ClInclude Include="Source\Renderer.h">
      <Filter>Rendering</Filter>
    </ClInclude>
    <ClInclude Include="Source\RenderUtils.h">
      <Filter>Rendering</Filter>
    </ClInclude>
    <ClInclude Include="Source\CommandList12.h">
      <Filter>Rendering\DX12</Filter>
    </ClInclude>
    <ClInclude Include="Source\CommandList.h">
      <Filter>Rendering</Filter>
    </ClInclude>
    <ClInclude Include="Source\CommandList11.h">
      <Filter>Rendering\DX11</Filter>
    </ClInclude>
    <ClInclude Include="Source\Paths.h" />
    <ClInclude Include="Source\Log.h" />
    <ClInclude Include="Source\Model.h">
      <Filter>Rendering</Filter>
    </ClInclude>
    <ClInclude Include="Source\Scene.h">
      <Filter>Rendering</Filter>
    </ClInclude>
    <ClInclude Include="Source\VertexFormats.h">
      <Filter>Rendering</Filter>
    </ClInclude>
    <ClInclude Include="Source\RenderEnums.h">
      <Filter>Rendering</Filter>
    </ClInclude>
    <ClInclude Include="Source\RenderEnums11.h">
      <Filter>Rendering\DX11</Filter>
    </ClInclude>
    <ClInclude Include="Source\RenderEnums12.h">
      <Filter>Rendering\DX12</Filter>
    </ClInclude>
    <ClInclude Include="Source\CommandListManager12.h">
      <Filter>Rendering\DX12</Filter>
    </ClInclude>
    <ClInclude Include="Source\CommandListManager.h">
      <Filter>Rendering</Filter>
    </ClInclude>
    <ClInclude Include="Source\CommandListManager11.h">
      <Filter>Rendering\DX11</Filter>
    </ClInclude>
    <ClInclude Include="Source\ColorBuffer11.h">
      <Filter>Rendering\DX11</Filter>
    </ClInclude>
    <ClInclude Include="Source\ColorBuffer12.h">
      <Filter>Rendering\DX12</Filter>
    </ClInclude>
    <ClInclude Include="Source\ColorBuffer.h">
      <Filter>Rendering</Filter>
    </ClInclude>
    <ClInclude Include="Source\DeviceManager.h">
      <Filter>Rendering</Filter>
    </ClInclude>
    <ClInclude Include="Source\DeviceManager11.h">
      <Filter>Rendering\DX11</Filter>
    </ClInclude>
    <ClInclude Include="Source\PixelBuffer11.h">
      <Filter>Rendering\DX11</Filter>
    </ClInclude>
    <ClInclude Include="Source\PixelBuffer.h">
      <Filter>Rendering</Filter>
    </ClInclude>
    <ClInclude Include="Source\GpuBuffer.h">
      <Filter>Rendering</Filter>
    </ClInclude>
    <ClInclude Include="Source\GpuBuffer11.h">
      <Filter>Rendering\DX11</Filter>
    </ClInclude>
    <ClInclude Include="Source\GpuResource.h">
      <Filter>Rendering</Filter>
    </ClInclude>
    <ClInclude Include="Source\GpuResource11.h">
      <Filter>Rendering\DX11</Filter>
    </ClInclude>
    <ClInclude Include="Source\GpuResource12.h">
      <Filter>Rendering\DX12</Filter>
    </ClInclude>
    <ClInclude Include="Source\GpuBuffer12.h">
      <Filter>Rendering\DX12</Filter>
    </ClInclude>
    <ClInclude Include="Source\PixelBuffer12.h">
      <Filter>Rendering\DX12</Filter>
    </ClInclude>
    <ClInclude Include="Source\DeviceManager12.h">
      <Filter>Rendering\DX12</Filter>
    </ClInclude>
    <ClInclude Include="Source\DescriptorHeap12.h">
      <Filter>Rendering\DX12</Filter>
    </ClInclude>
    <ClInclude Include="Source\Format.h">
      <Filter>Rendering</Filter>
    </ClInclude>
    <ClInclude Include="Source\DepthBuffer11.h">
      <Filter>Rendering\DX11</Filter>
    </ClInclude>
    <ClInclude Include="Source\RootSignature12.h">
      <Filter>Rendering\DX12</Filter>
    </ClInclude>
    <ClInclude Include="Source\DynamicDescriptorHeap12.h">
      <Filter>Rendering\DX12</Filter>
    </ClInclude>
    <ClInclude Include="Source\DepthBuffer12.h">
      <Filter>Rendering\DX12</Filter>
    </ClInclude>
    <ClInclude Include="Source\DXGIUtility.h">
      <Filter>Rendering\DXCommon</Filter>
    </ClInclude>
    <ClInclude Include="Source\Viewport.h">
      <Filter>Rendering</Filter>
    </ClInclude>
    <ClInclude Include="Source\Rectangle.h">
      <Filter>Rendering</Filter>
    </ClInclude>
    <ClInclude Include="Source\PipelineState.h">
      <Filter>Rendering</Filter>
    </ClInclude>
    <ClInclude Include="Source\PipelineState11.h">
      <Filter>Rendering\DX11</Filter>
    </ClInclude>
    <ClInclude Include="Source\Shader.h">
      <Filter>Rendering</Filter>
    </ClInclude>
    <ClInclude Include="Source\Shader11.h">
      <Filter>Rendering\DX11</Filter>
    </ClInclude>
    <ClInclude Include="Source\DepthBuffer.h">
      <Filter>Rendering</Filter>
    </ClInclude>
    <ClInclude Include="Source\BinaryReader.h" />
    <ClInclude Include="Source\PipelineState12.h">
      <Filter>Rendering\DX12</Filter>
    </ClInclude>
    <ClInclude Include="Source\Shader12.h">
      <Filter>Rendering\DX12</Filter>
    </ClInclude>
    <ClInclude Include="Source\InputLayout.h">
      <Filter>Rendering</Filter>
    </ClInclude>
    <ClInclude Include="Source\InputLayout12.h">
      <Filter>Rendering\DX12</Filter>
    </ClInclude>
    <ClInclude Include="Source\IndexBuffer.h">
      <Filter>Rendering</Filter>
    </ClInclude>
    <ClInclude Include="Source\IndexBuffer11.h">
      <Filter>Rendering\DX11</Filter>
    </ClInclude>
    <ClInclude Include="Source\VertexBuffer.h">
      <Filter>Rendering</Filter>
    </ClInclude>
    <ClInclude Include="Source\IndexBuffer12.h">
      <Filter>Rendering\DX12</Filter>
    </ClInclude>
    <ClInclude Include="Source\VertexBuffer11.h">
      <Filter>Rendering\DX11</Filter>
    </ClInclude>
    <ClInclude Include="Source\VertexBuffer12.h">
      <Filter>Rendering\DX12</Filter>
    </ClInclude>
    <ClInclude Include="Source\InputLayout11.h">
      <Filter>Rendering\DX11</Filter>
    </ClInclude>
    <ClInclude Include="Source\ConstantBuffer.h">
      <Filter>Rendering</Filter>
    </ClInclude>
    <ClInclude Include="Source\ConstantBuffer11.h">
      <Filter>Rendering\DX11</Filter>
    </ClInclude>
    <ClInclude Include="Source\ShaderManager.h">
      <Filter>Rendering</Filter>
    </ClInclude>
    <ClInclude Include="Source\ConstantBuffer12.h">
      <Filter>Rendering\DX12</Filter>
    </ClInclude>
    <ClInclude Include="Source\LinearAllocator12.h">
      <Filter>Rendering\DX12</Filter>
    </ClInclude>
    <ClInclude Include="Source\StepTimer.h" />
    <ClInclude Include="Source\Material.h">
      <Filter>Rendering</Filter>
    </ClInclude>
    <ClInclude Include="Source\Utility.h">
      <Filter>Rendering</Filter>
    </ClInclude>
    <ClInclude Include="Source\ShaderManager11.inl">
      <Filter>Rendering\DX11</Filter>
    </ClInclude>
    <ClInclude Include="Source\Camera.h">
      <Filter>Rendering</Filter>
    </ClInclude>
    <ClInclude Include="Source\RenderPass.h">
      <Filter>Rendering</Filter>
    </ClInclude>
    <ClInclude Include="Source\CommonStates.h">
      <Filter>Rendering</Filter>
    </ClInclude>
    <ClInclude Include="Source\Material11.h">
      <Filter>Rendering\DX11</Filter>
    </ClInclude>
    <ClInclude Include="Source\Material12.h">
      <Filter>Rendering\DX12</Filter>
    </ClInclude>
    <ClInclude Include="Source\Effect.h">
      <Filter>Rendering</Filter>
    </ClInclude>
    <ClInclude Include="Source\Effect12.h">
      <Filter>Rendering\DX12</Filter>
    </ClInclude>
    <ClInclude Include="Source\Effect11.h">
      <Filter>Rendering\DX11</Filter>
    </ClInclude>
    <ClInclude Include="Source\ShaderReflection.h">
      <Filter>Rendering</Filter>
    </ClInclude>
    <ClInclude Include="Source\ShaderManager12.inl">
      <Filter>Rendering\DX12</Filter>
    </ClInclude>
    <ClInclude Include="..\External\Remotery\lib\Remotery.h">
      <Filter>External\Remotery</Filter>
    </ClInclude>
    <ClInclude Include="Source\Profile.h" />
    <ClInclude Include="Source\Batch.h">
      <Filter>Rendering</Filter>
    </ClInclude>
    <ClInclude Include="Source\DrawParameters.h">
      <Filter>Rendering</Filter>
    </ClInclude>
    <ClInclude Include="Source\Texture.h">
      <Filter>Rendering</Filter>
    </ClInclude>
    <ClInclude Include="Source\Texture11.h">
      <Filter>Rendering\DX11</Filter>
    </ClInclude>
    <ClInclude Include="Source\Texture12.h">
      <Filter>Rendering\DX12</Filter>
    </ClInclude>
    <ClInclude Include="Source\DDSTextureLoader12.h">
      <Filter>Rendering\DX12</Filter>
    </ClInclude>
    <ClInclude Include="Source\dds.h">
      <Filter>Rendering</Filter>
    </ClInclude>
    <ClInclude Include="Source\DDSCommon.h">
      <Filter>Rendering\DXCommon</Filter>
    </ClInclude>
    <ClInclude Include="Source\DDSTextureLoader11.h">
      <Filter>Rendering\DX11</Filter>
    </ClInclude>
    <ClInclude Include="Source\Defaults.h">
      <Filter>Rendering</Filter>
    </ClInclude>
    <ClInclude Include="Source\MaterialParameter.h">
      <Filter>Rendering</Filter>
    </ClInclude>
    <ClInclude Include="Source\InputState.h" />
    <ClInclude Include="Source\Constants.h" />
    <ClInclude Include="Source\MaterialResource11.h">
      <Filter>Rendering\DX11</Filter>
    </ClInclude>
    <ClInclude Include="Source\MaterialResource.h">
      <Filter>Rendering</Filter>
    </ClInclude>
    <ClInclude Include="Source\DebugUtility.h" />
    <ClInclude Include="Source\MaterialResource12.h">
      <Filter>Rendering\DX12</Filter>
    </ClInclude>
    <ClInclude Include="Source\SamplerManager.h">
      <Filter>Rendering</Filter>
    </ClInclude>
    <ClInclude Include="Source\Sampler.h">
      <Filter>Rendering</Filter>
    </ClInclude>
    <ClInclude Include="Source\Sampler11.h">
      <Filter>Rendering\DX11</Filter>
    </ClInclude>
    <ClInclude Include="Source\Sampler12.h">
      <Filter>Rendering\DX12</Filter>
    </ClInclude>
    <ClInclude Include="Source\Vector.h">
      <Filter>Math</Filter>
    </ClInclude>
    <ClInclude Include="Source\Scalar.h">
      <Filter>Math</Filter>
    </ClInclude>
    <ClInclude Include="Source\CommonMath.h">
      <Filter>Math</Filter>
    </ClInclude>
    <ClInclude Include="Source\VectorMath.h" />
    <ClInclude Include="Source\Matrix3.h">
      <Filter>Math</Filter>
    </ClInclude>
    <ClInclude Include="Source\Quaternion.h">
      <Filter>Math</Filter>
    </ClInclude>
    <ClInclude Include="Source\Matrix4.h">
      <Filter>Math</Filter>
    </ClInclude>
    <ClInclude Include="Source\Transform.h">
      <Filter>Math</Filter>
    </ClInclude>
    <ClInclude Include="Source\Random.h">
      <Filter>Math</Filter>
    </ClInclude>
    <ClInclude Include="Source\CameraController.h">
      <Filter>Rendering</Filter>
    </ClInclude>
    <ClInclude Include="Source\RenderTask.h">
      <Filter>Rendering</Filter>
    </ClInclude>
  </ItemGroup>
  <ItemGroup>
    <ClCompile Include="Source\Stdafx.cpp" />
    <ClCompile Include="Source\Application.cpp" />
    <ClCompile Include="Source\CommandList12.cpp">
      <Filter>Rendering\DX12</Filter>
    </ClCompile>
    <ClCompile Include="Source\CommandList11.cpp">
      <Filter>Rendering\DX11</Filter>
    </ClCompile>
    <ClCompile Include="Source\Paths.cpp" />
    <ClCompile Include="Source\Log.cpp" />
    <ClCompile Include="Source\Renderer.cpp">
      <Filter>Rendering</Filter>
    </ClCompile>
    <ClCompile Include="Source\Model.cpp">
      <Filter>Rendering</Filter>
    </ClCompile>
    <ClCompile Include="Source\Scene.cpp">
      <Filter>Rendering</Filter>
    </ClCompile>
    <ClCompile Include="Source\CommandListManager12.cpp">
      <Filter>Rendering\DX12</Filter>
    </ClCompile>
    <ClCompile Include="Source\CommandListManager11.cpp">
      <Filter>Rendering\DX11</Filter>
    </ClCompile>
    <ClCompile Include="Source\ColorBuffer11.cpp">
      <Filter>Rendering\DX11</Filter>
    </ClCompile>
    <ClCompile Include="Source\ColorBuffer12.cpp">
      <Filter>Rendering\DX12</Filter>
    </ClCompile>
    <ClCompile Include="Source\DeviceManager11.cpp">
      <Filter>Rendering\DX11</Filter>
    </ClCompile>
    <ClCompile Include="Source\PixelBuffer11.cpp">
      <Filter>Rendering\DX11</Filter>
    </ClCompile>
    <ClCompile Include="Source\GpuBuffer11.cpp">
      <Filter>Rendering\DX11</Filter>
    </ClCompile>
    <ClCompile Include="Source\GpuBuffer12.cpp">
      <Filter>Rendering\DX12</Filter>
    </ClCompile>
    <ClCompile Include="Source\PixelBuffer12.cpp">
      <Filter>Rendering\DX12</Filter>
    </ClCompile>
    <ClCompile Include="Source\DeviceManager12.cpp">
      <Filter>Rendering\DX12</Filter>
    </ClCompile>
    <ClCompile Include="Source\DescriptorHeap12.cpp">
      <Filter>Rendering\DX12</Filter>
    </ClCompile>
    <ClCompile Include="Source\DepthBuffer11.cpp">
      <Filter>Rendering\DX11</Filter>
    </ClCompile>
    <ClCompile Include="Source\RootSignature12.cpp">
      <Filter>Rendering\DX12</Filter>
    </ClCompile>
    <ClCompile Include="Source\DynamicDescriptorHeap12.cpp">
      <Filter>Rendering\DX12</Filter>
    </ClCompile>
    <ClCompile Include="Source\DepthBuffer12.cpp">
      <Filter>Rendering\DX12</Filter>
    </ClCompile>
    <ClCompile Include="Source\PipelineState11.cpp">
      <Filter>Rendering\DX11</Filter>
    </ClCompile>
    <ClCompile Include="Source\Shader11.cpp">
      <Filter>Rendering\DX11</Filter>
    </ClCompile>
    <ClCompile Include="Source\DXGIUtility.cpp">
      <Filter>Rendering\DXCommon</Filter>
    </ClCompile>
    <ClCompile Include="Source\BinaryReader.cpp" />
    <ClCompile Include="Source\PipelineState12.cpp">
      <Filter>Rendering\DX12</Filter>
    </ClCompile>
    <ClCompile Include="Source\Shader12.cpp">
      <Filter>Rendering\DX12</Filter>
    </ClCompile>
    <ClCompile Include="Source\IndexBuffer11.cpp">
      <Filter>Rendering\DX11</Filter>
    </ClCompile>
    <ClCompile Include="Source\VertexBuffer11.cpp">
      <Filter>Rendering\DX11</Filter>
    </ClCompile>
    <ClCompile Include="Source\IndexBuffer12.cpp">
      <Filter>Rendering\DX12</Filter>
    </ClCompile>
    <ClCompile Include="Source\Utility.cpp">
      <Filter>Rendering</Filter>
    </ClCompile>
    <ClCompile Include="Source\VertexBuffer12.cpp">
      <Filter>Rendering\DX12</Filter>
    </ClCompile>
    <ClCompile Include="Source\ConstantBuffer11.cpp">
      <Filter>Rendering\DX11</Filter>
    </ClCompile>
    <ClCompile Include="Source\ConstantBuffer12.cpp">
      <Filter>Rendering\DX12</Filter>
    </ClCompile>
    <ClCompile Include="Source\LinearAllocator12.cpp">
      <Filter>Rendering\DX12</Filter>
    </ClCompile>
    <ClCompile Include="Source\Material11.cpp">
      <Filter>Rendering\DX11</Filter>
    </ClCompile>
    <ClCompile Include="Source\Material12.cpp">
      <Filter>Rendering\DX12</Filter>
    </ClCompile>
    <ClCompile Include="Source\ShaderManager.cpp">
      <Filter>Rendering</Filter>
    </ClCompile>
    <ClCompile Include="Source\Material.cpp">
      <Filter>Rendering</Filter>
    </ClCompile>
    <ClCompile Include="Source\Camera.cpp">
      <Filter>Rendering</Filter>
    </ClCompile>
    <ClCompile Include="Source\RenderPass.cpp">
      <Filter>Rendering</Filter>
    </ClCompile>
    <ClCompile Include="Source\CommonStates.cpp">
      <Filter>Rendering</Filter>
    </ClCompile>
    <ClCompile Include="Source\Effect12.cpp">
      <Filter>Rendering\DX12</Filter>
    </ClCompile>
    <ClCompile Include="Source\Effect11.cpp">
      <Filter>Rendering\DX11</Filter>
    </ClCompile>
    <ClCompile Include="Source\Effect.cpp">
      <Filter>Rendering</Filter>
    </ClCompile>
    <ClCompile Include="..\External\Remotery\lib\Remotery.c">
      <Filter>External\Remotery</Filter>
    </ClCompile>
    <ClCompile Include="Source\Profile.cpp" />
    <ClCompile Include="Source\Model_H3D.cpp">
      <Filter>Rendering</Filter>
    </ClCompile>
    <ClCompile Include="Source\VertexBuffer.cpp">
      <Filter>Rendering</Filter>
    </ClCompile>
    <ClCompile Include="Source\Texture11.cpp">
      <Filter>Rendering\DX11</Filter>
    </ClCompile>
    <ClCompile Include="Source\Texture12.cpp">
      <Filter>Rendering\DX12</Filter>
    </ClCompile>
    <ClCompile Include="Source\DDSTextureLoader12.cpp">
      <Filter>Rendering\DX12</Filter>
    </ClCompile>
    <ClCompile Include="Source\DDSTextureLoader11.cpp">
      <Filter>Rendering\DX11</Filter>
    </ClCompile>
    <ClCompile Include="Source\Defaults.cpp">
      <Filter>Rendering</Filter>
    </ClCompile>
    <ClCompile Include="Source\InputState.cpp" />
    <ClCompile Include="Source\Constants.cpp" />
    <ClCompile Include="Source\MaterialResource11.cpp">
      <Filter>Rendering\DX11</Filter>
    </ClCompile>
    <ClCompile Include="Source\ShaderReflection.cpp">
      <Filter>Rendering</Filter>
    </ClCompile>
    <ClCompile Include="Source\MaterialResource12.cpp">
      <Filter>Rendering\DX12</Filter>
    </ClCompile>
    <ClCompile Include="Source\SamplerManager.cpp">
      <Filter>Rendering</Filter>
    </ClCompile>
    <ClCompile Include="Source\Sampler12.cpp">
      <Filter>Rendering\DX12</Filter>
    </ClCompile>
    <ClCompile Include="Source\Sampler11.cpp">
      <Filter>Rendering\DX11</Filter>
    </ClCompile>
    <ClCompile Include="Source\Random.cpp">
      <Filter>Math</Filter>
    </ClCompile>
    <ClCompile Include="Source\CameraController.cpp">
      <Filter>Rendering</Filter>
    </ClCompile>
    <ClCompile Include="Source\MaterialParameter.cpp">
      <Filter>Rendering</Filter>
    </ClCompile>
    <ClCompile Include="Source\RenderTask.cpp">
      <Filter>Rendering</Filter>
    </ClCompile>
  </ItemGroup>
  <ItemGroup>
    <FxCompile Include="Source\Shaders\Common\ScreenQuadVS.hlsl">
      <Filter>Shaders\Common</Filter>
    </FxCompile>
    <FxCompile Include="Source\Shaders\Common\BufferCopyPS.hlsl">
      <Filter>Shaders\Common</Filter>
    </FxCompile>
    <FxCompile Include="Source\Shaders\Common\SimpleVertexShader.hlsl">
      <Filter>Shaders\Common</Filter>
    </FxCompile>
    <FxCompile Include="Source\Shaders\Common\SimplePixelShader.hlsl">
      <Filter>Shaders\Common</Filter>
    </FxCompile>
  </ItemGroup>
  <ItemGroup>
    <None Include="Source\Shaders\Common\PerViewData.hlsli">
      <Filter>Shaders\Common</Filter>
    </None>
    <None Include="Source\Shaders\Common\StaticMeshPerObjectData.hlsli">
      <Filter>Shaders\Common</Filter>
    </None>
    <None Include="Source\Functions.inl">
      <Filter>Math</Filter>
    </None>
  </ItemGroup>
</Project>